
Microsoft Visual Studio Solution File, Format Version 12.00
# Visual Studio 2013
VisualStudioVersion = 12.0.21005.1
MinimumVisualStudioVersion = 10.0.40219.1
Project("{FAE04EC0-301F-11D3-BF4B-00C04F79EFBC}") = "CoinGather.Client", "CoinGather.Client\CoinGather.Client.csproj", "{80009595-4A2C-4011-8BDB-65E7D3242F0E}"
EndProject
Project("{FAE04EC0-301F-11D3-BF4B-00C04F79EFBC}") = "CoinGather.TestConsole", "CoinGather.TestConsole\CoinGather.TestConsole.csproj", "{33005550-C7F7-401A-8B23-93835563FAFB}"
EndProject
Global
	GlobalSection(SolutionConfigurationPlatforms) = preSolution
		Debug|Any CPU = Debug|Any CPU
		Release|Any CPU = Release|Any CPU
	EndGlobalSection
	GlobalSection(ProjectConfigurationPlatforms) = postSolution
		{80009595-4A2C-4011-8BDB-65E7D3242F0E}.Debug|Any CPU.ActiveCfg = Debug|Any CPU
		{80009595-4A2C-4011-8BDB-65E7D3242F0E}.Debug|Any CPU.Build.0 = Debug|Any CPU
		{80009595-4A2C-4011-8BDB-65E7D3242F0E}.Release|Any CPU.ActiveCfg = Release|Any CPU
		{80009595-4A2C-4011-8BDB-65E7D3242F0E}.Release|Any CPU.Build.0 = Release|Any CPU
		{33005550-C7F7-401A-8B23-93835563FAFB}.Debug|Any CPU.ActiveCfg = Debug|Any CPU
		{33005550-C7F7-401A-8B23-93835563FAFB}.Debug|Any CPU.Build.0 = Debug|Any CPU
		{33005550-C7F7-401A-8B23-93835563FAFB}.Release|Any CPU.ActiveCfg = Release|Any CPU
		{33005550-C7F7-401A-8B23-93835563FAFB}.Release|Any CPU.Build.0 = Release|Any CPU
	EndGlobalSection
	GlobalSection(SolutionProperties) = preSolution
		HideSolutionNode = FALSE
	EndGlobalSection
EndGlobal
